{
  "name": "pirate-card-game",
  "lockfileVersion": 3,
  "requires": true,
  "packages": {
    "": {
      "name": "pirate-card-game",
      "dependencies": {
        "@opeepsfun/avatar-illustration-system": "^1.0.3"
      }
    },
    "node_modules/@opeepsfun/avatar-illustration-system": {
      "version": "1.0.3",
      "resolved": "https://registry.npmjs.org/@opeepsfun/avatar-illustration-system/-/avatar-illustration-system-1.0.3.tgz",
      "integrity": "sha512-KqEA7zs29lf6d5h8PF62V/IBPUDluIHbrFCEcxBd/3Ldrc35brqiiQ4/vmHqX7vZQNbEVV7OPLoOqXT69MchxQ==",
      "license": "MIT"
    }
  }
}
